
Microsoft Visual Studio Solution File, Format Version 12.00
# Visual Studio Version 17
VisualStudioVersion = 17.5.33424.131
MinimumVisualStudioVersion = 10.0.40219.1
Project("{888888A0-9F3D-457C-B088-3A5042F75D52}") = "CodigoSamuel", "CodigoSamuel.pyproj", "{72FD5CD4-AA26-49E0-B698-7F8CBBFFAFC8}"
EndProject
Global
	GlobalSection(SolutionConfigurationPlatforms) = preSolution
		Debug|Any CPU = Debug|Any CPU
		Release|Any CPU = Release|Any CPU
	EndGlobalSection
	GlobalSection(ProjectConfigurationPlatforms) = postSolution
		{72FD5CD4-AA26-49E0-B698-7F8CBBFFAFC8}.Debug|Any CPU.ActiveCfg = Debug|Any CPU
		{72FD5CD4-AA26-49E0-B698-7F8CBBFFAFC8}.Release|Any CPU.ActiveCfg = Release|Any CPU
	EndGlobalSection
	GlobalSection(SolutionProperties) = preSolution
		HideSolutionNode = FALSE
	EndGlobalSection
	GlobalSection(ExtensibilityGlobals) = postSolution
		SolutionGuid = {B6BEB2AD-B4FE-4AD8-8449-C53D3B471615}
	EndGlobalSection
EndGlobal
