
Microsoft Visual Studio Solution File, Format Version 12.00
# Visual Studio Version 17
VisualStudioVersion = 17.5.33424.131
MinimumVisualStudioVersion = 10.0.40219.1
Project("{888888A0-9F3D-457C-B088-3A5042F75D52}") = "VideoDistorsion", "VideoDistorsion.pyproj", "{D84E2B0E-80CC-4B00-8DE9-A13876738EE1}"
EndProject
Global
	GlobalSection(SolutionConfigurationPlatforms) = preSolution
		Debug|Any CPU = Debug|Any CPU
		Release|Any CPU = Release|Any CPU
	EndGlobalSection
	GlobalSection(ProjectConfigurationPlatforms) = postSolution
		{D84E2B0E-80CC-4B00-8DE9-A13876738EE1}.Debug|Any CPU.ActiveCfg = Debug|Any CPU
		{D84E2B0E-80CC-4B00-8DE9-A13876738EE1}.Release|Any CPU.ActiveCfg = Release|Any CPU
	EndGlobalSection
	GlobalSection(SolutionProperties) = preSolution
		HideSolutionNode = FALSE
	EndGlobalSection
	GlobalSection(ExtensibilityGlobals) = postSolution
		SolutionGuid = {FC7F2288-15F9-484E-93D3-12AB696C8631}
	EndGlobalSection
EndGlobal
